Microsoft Visual Studio Solution File, Format Version 12.00
# Visual Studio Version 17
VisualStudioVersion = 17.0.31903.59
MinimumVisualStudioVersion = 10.0.40219.1

Project("{2150E333-8FDC-42A3-9474-1A3956D46DE8}") = "Chirp.CLI.Client", "Chirp.CLI.Client", "{F74349FD-D184-8D8C-6097-80B7520BC8A9}"
EndProject
Project("{FAE04EC0-301F-11D3-BF4B-00C04F79EFBC}") = "Chirp.CLI", "src\Chirp.CLI.Client\Chirp.CLI.csproj", "{2040E25F-4EF1-4E9F-BC37-BDFF48D735A0}"
EndProject

Project("{2150E333-8FDC-42A3-9474-1A3956D46DE8}") = "src", "src", "{8EE90736-73A3-446C-94B2-1EAB5DE9E5F5}"
EndProject
Project("{FAE04EC0-301F-11D3-BF4B-00C04F79EFBC}") = "SimpleDB", "src\SimpleDB\SimpleDB.csproj", "{1ED35566-3724-4577-B981-1A2F3CBAA0EF}"
EndProject
Project("{FAE04EC0-301F-11D3-BF4B-00C04F79EFBC}") = "Chirp.Web", "src\Chirp.Web\Chirp.Web.csproj", "{66A749D9-1837-41DD-B4EB-5486A463C281}"
EndProject

Project("{2150E333-8FDC-42A3-9474-1A3956D46DE8}") = "test", "test", "{0C88DD14-F956-CE84-757C-A364CCF449FC}"
EndProject
Project("{FAE04EC0-301F-11D3-BF4B-00C04F79EFBC}") = "Chirp.CLI.Client.Tests", "test\Chirp.CLI.Client.Tests\Chirp.CLI.Client.Tests.csproj", "{83EEFD75-9512-41FE-971B-8F7E14D11ECF}"
EndProject
Project("{FAE04EC0-301F-11D3-BF4B-00C04F79EFBC}") = "Chirp.CSVDB.Tests", "test\Chirp.CSVDB.Tests\Chirp.CSVDB.Tests.csproj", "{29A3670A-2D8A-434E-AF7E-A91BE4C98C09}"
EndProject

Global
	GlobalSection(SolutionConfigurationPlatforms) = preSolution
		Debug|Any CPU = Debug|Any CPU
		Debug|x64 = Debug|x64
		Debug|x86 = Debug|x86
		Release|Any CPU = Release|Any CPU
		Release|x64 = Release|x64
		Release|x86 = Release|x86
	EndGlobalSection

	GlobalSection(ProjectConfigurationPlatforms) = postSolution
		{2040E25F-4EF1-4E9F-BC37-BDFF48D735A0}.Debug|Any CPU.ActiveCfg = Debug|Any CPU
		{2040E25F-4EF1-4E9F-BC37-BDFF48D735A0}.Debug|Any CPU.Build.0 = Debug|Any CPU
		{2040E25F-4EF1-4E9F-BC37-BDFF48D735A0}.Debug|x64.ActiveCfg = Debug|Any CPU
		{2040E25F-4EF1-4E9F-BC37-BDFF48D735A0}.Debug|x64.Build.0 = Debug|Any CPU
		{2040E25F-4EF1-4E9F-BC37-BDFF48D735A0}.Debug|x86.ActiveCfg = Debug|Any CPU
		{2040E25F-4EF1-4E9F-BC37-BDFF48D735A0}.Debug|x86.Build.0 = Debug|Any CPU
		{2040E25F-4EF1-4E9F-BC37-BDFF48D735A0}.Release|Any CPU.ActiveCfg = Release|Any CPU
		{2040E25F-4EF1-4E9F-BC37-BDFF48D735A0}.Release|Any CPU.Build.0 = Release|Any CPU
		{2040E25F-4EF1-4E9F-BC37-BDFF48D735A0}.Release|x64.ActiveCfg = Release|Any CPU
		{2040E25F-4EF1-4E9F-BC37-BDFF48D735A0}.Release|x64.Build.0 = Release|Any CPU
		{2040E25F-4EF1-4E9F-BC37-BDFF48D735A0}.Release|x86.ActiveCfg = Release|Any CPU
		{2040E25F-4EF1-4E9F-BC37-BDFF48D735A0}.Release|x86.Build.0 = Release|Any CPU

		{66A749D9-1837-41DD-B4EB-5486A463C281}.Debug|Any CPU.ActiveCfg = Debug|Any CPU
		{66A749D9-1837-41DD-B4EB-5486A463C281}.Debug|Any CPU.Build.0 = Debug|Any CPU
		{66A749D9-1837-41DD-B4EB-5486A463C281}.Debug|x64.ActiveCfg = Debug|Any CPU
		{66A749D9-1837-41DD-B4EB-5486A463C281}.Debug|x64.Build.0 = Debug|Any CPU
		{66A749D9-1837-41DD-B4EB-5486A463C281}.Debug|x86.ActiveCfg = Debug|Any CPU
		{66A749D9-1837-41DD-B4EB-5486A463C281}.Debug|x86.Build.0 = Debug|Any CPU
		{66A749D9-1837-41DD-B4EB-5486A463C281}.Release|Any CPU.ActiveCfg = Release|Any CPU
		{66A749D9-1837-41DD-B4EB-5486A463C281}.Release|Any CPU.Build.0 = Release|Any CPU
		{66A749D9-1837-41DD-B4EB-5486A463C281}.Release|x64.ActiveCfg = Release|Any CPU
		{66A749D9-1837-41DD-B4EB-5486A463C281}.Release|x64.Build.0 = Release|Any CPU
		{66A749D9-1837-41DD-B4EB-5486A463C281}.Release|x86.ActiveCfg = Release|Any CPU
		{66A749D9-1837-41DD-B4EB-5486A463C281}.Release|x86.Build.0 = Release|Any CPU

		{1ED35566-3724-4577-B981-1A2F3CBAA0EF}.Debug|Any CPU.ActiveCfg = Debug|Any CPU
		{1ED35566-3724-4577-B981-1A2F3CBAA0EF}.Debug|Any CPU.Build.0 = Debug|Any CPU
		{1ED35566-3724-4577-B981-1A2F3CBAA0EF}.Debug|x64.ActiveCfg = Debug|Any CPU
		{1ED35566-3724-4577-B981-1A2F3CBAA0EF}.Debug|x64.Build.0 = Debug|Any CPU
		{1ED35566-3724-4577-B981-1A2F3CBAA0EF}.Debug|x86.ActiveCfg = Debug|Any CPU
		{1ED35566-3724-4577-B981-1A2F3CBAA0EF}.Debug|x86.Build.0 = Debug|Any CPU
		{1ED35566-3724-4577-B981-1A2F3CBAA0EF}.Release|Any CPU.ActiveCfg = Release|Any CPU
		{1ED35566-3724-4577-B981-1A2F3CBAA0EF}.Release|Any CPU.Build.0 = Release|Any CPU
		{1ED35566-3724-4577-B981-1A2F3CBAA0EF}.Release|x64.ActiveCfg = Release|Any CPU
		{1ED35566-3724-4577-B981-1A2F3CBAA0EF}.Release|x64.Build.0 = Release|Any CPU
		{1ED35566-3724-4577-B981-1A2F3CBAA0EF}.Release|x86.ActiveCfg = Release|Any CPU
		{1ED35566-3724-4577-B981-1A2F3CBAA0EF}.Release|x86.Build.0 = Release|Any CPU

		{83EEFD75-9512-41FE-971B-8F7E14D11ECF}.Debug|Any CPU.ActiveCfg = Debug|Any CPU
		{83EEFD75-9512-41FE-971B-8F7E14D11ECF}.Debug|Any CPU.Build.0 = Debug|Any CPU
		{83EEFD75-9512-41FE-971B-8F7E14D11ECF}.Debug|x64.ActiveCfg = Debug|Any CPU
		{83EEFD75-9512-41FE-971B-8F7E14D11ECF}.Debug|x64.Build.0 = Debug|Any CPU
		{83EEFD75-9512-41FE-971B-8F7E14D11ECF}.Debug|x86.ActiveCfg = Debug|Any CPU
		{83EEFD75-9512-41FE-971B-8F7E14D11ECF}.Debug|x86.Build.0 = Debug|Any CPU
		{83EEFD75-9512-41FE-971B-8F7E14D11ECF}.Release|Any CPU.ActiveCfg = Release|Any CPU
		{83EEFD75-9512-41FE-971B-8F7E14D11ECF}.Release|Any CPU.Build.0 = Release|Any CPU
		{83EEFD75-9512-41FE-971B-8F7E14D11ECF}.Release|x64.ActiveCfg = Release|Any CPU
		{83EEFD75-9512-41FE-971B-8F7E14D11ECF}.Release|x64.Build.0 = Release|Any CPU
		{83EEFD75-9512-41FE-971B-8F7E14D11ECF}.Release|x86.ActiveCfg = Release|Any CPU
		{83EEFD75-9512-41FE-971B-8F7E14D11ECF}.Release|x86.Build.0 = Release|Any CPU

		{29A3670A-2D8A-434E-AF7E-A91BE4C98C09}.Debug|Any CPU.ActiveCfg = Debug|Any CPU
		{29A3670A-2D8A-434E-AF7E-A91BE4C98C09}.Debug|Any CPU.Build.0 = Debug|Any CPU
		{29A3670A-2D8A-434E-AF7E-A91BE4C98C09}.Debug|x64.ActiveCfg = Debug|Any CPU
		{29A3670A-2D8A-434E-AF7E-A91BE4C98C09}.Debug|x64.Build.0 = Debug|Any CPU
		{29A3670A-2D8A-434E-AF7E-A91BE4C98C09}.Debug|x86.ActiveCfg = Debug|Any CPU
		{29A3670A-2D8A-434E-AF7E-A91BE4C98C09}.Debug|x86.Build.0 = Debug|Any CPU
		{29A3670A-2D8A-434E-AF7E-A91BE4C98C09}.Release|Any CPU.ActiveCfg = Release|Any CPU
		{29A3670A-2D8A-434E-AF7E-A91BE4C98C09}.Release|Any CPU.Build.0 = Release|Any CPU
		{29A3670A-2D8A-434E-AF7E-A91BE4C98C09}.Release|x64.ActiveCfg = Release|Any CPU
		{29A3670A-2D8A-434E-AF7E-A91BE4C98C09}.Release|x64.Build.0 = Release|Any CPU
		{29A3670A-2D8A-434E-AF7E-A91BE4C98C09}.Release|x86.ActiveCfg = Release|Any CPU
		{29A3670A-2D8A-434E-AF7E-A91BE4C98C09}.Release|x86.Build.0 = Release|Any CPU
	EndGlobalSection

	GlobalSection(SolutionProperties) = preSolution
		HideSolutionNode = FALSE
	EndGlobalSection

	GlobalSection(NestedProjects) = preSolution
		{2040E25F-4EF1-4E9F-BC37-BDFF48D735A0} = {F74349FD-D184-8D8C-6097-80B7520BC8A9}
		{1ED35566-3724-4577-B981-1A2F3CBAA0EF} = {8EE90736-73A3-446C-94B2-1EAB5DE9E5F5}
		{66A749D9-1837-41DD-B4EB-5486A463C281} = {8EE90736-73A3-446C-94B2-1EAB5DE9E5F5}
		{83EEFD75-9512-41FE-971B-8F7E14D11ECF} = {0C88DD14-F956-CE84-757C-A364CCF449FC}
		{29A3670A-2D8A-434E-AF7E-A91BE4C98C09} = {0C88DD14-F956-CE84-757C-A364CCF449FC}
	EndGlobalSection
EndGlobal