Microsoft Visual Studio Solution File, Format Version 12.00
# Visual Studio Version 17
VisualStudioVersion = 17.5.2.0
MinimumVisualStudioVersion = 10.0.40219.1
Project("{FAE04EC0-301F-11D3-BF4B-00C04F79EFBC}") = "Chirp.Razor", "Chirp.Razor\Chirp.Razor.csproj", "{B2EA4E20-D8D3-427B-94FF-AEA7963EADDA}"
EndProject
Global
	GlobalSection(SolutionProperties) = preSolution
		HideSolutionNode = FALSE
	EndGlobalSection
	GlobalSection(ExtensibilityGlobals) = postSolution
		SolutionGuid = {DAC7300B-6A85-4F56-B2C0-2962003869DD}
	EndGlobalSection
	GlobalSection(SolutionConfigurationPlatforms) = preSolution
		Debug|Any CPU = Debug|Any CPU
		Debug|x64 = Debug|x64
		Debug|x86 = Debug|x86
		Release|Any CPU = Release|Any CPU
		Release|x64 = Release|x64
		Release|x86 = Release|x86
	EndGlobalSection
	GlobalSection(ProjectConfigurationPlatforms) = postSolution
		{B2EA4E20-D8D3-427B-94FF-AEA7963EADDA}.Debug|Any CPU.ActiveCfg = Debug|Any CPU
		{B2EA4E20-D8D3-427B-94FF-AEA7963EADDA}.Debug|Any CPU.Build.0 = Debug|Any CPU
		{B2EA4E20-D8D3-427B-94FF-AEA7963EADDA}.Debug|x64.ActiveCfg = Debug|Any CPU
		{B2EA4E20-D8D3-427B-94FF-AEA7963EADDA}.Debug|x64.Build.0 = Debug|Any CPU
		{B2EA4E20-D8D3-427B-94FF-AEA7963EADDA}.Debug|x86.ActiveCfg = Debug|Any CPU
		{B2EA4E20-D8D3-427B-94FF-AEA7963EADDA}.Debug|x86.Build.0 = Debug|Any CPU
		{B2EA4E20-D8D3-427B-94FF-AEA7963EADDA}.Release|Any CPU.ActiveCfg = Release|Any CPU
		{B2EA4E20-D8D3-427B-94FF-AEA7963EADDA}.Release|Any CPU.Build.0 = Release|Any CPU
		{B2EA4E20-D8D3-427B-94FF-AEA7963EADDA}.Release|x64.ActiveCfg = Release|Any CPU
		{B2EA4E20-D8D3-427B-94FF-AEA7963EADDA}.Release|x64.Build.0 = Release|Any CPU
		{B2EA4E20-D8D3-427B-94FF-AEA7963EADDA}.Release|x86.ActiveCfg = Release|Any CPU
		{B2EA4E20-D8D3-427B-94FF-AEA7963EADDA}.Release|x86.Build.0 = Release|Any CPU
	EndGlobalSection
EndGlobal
