
Microsoft Visual Studio Solution File, Format Version 12.00
# Visual Studio Version 17
VisualStudioVersion = 17.0.31903.59
MinimumVisualStudioVersion = 10.0.40219.1
Project("{FAE04EC0-301F-11D3-BF4B-00C04F79EFBC}") = "PrimeService", "PrimeService\PrimeService.csproj", "{69C9791C-578E-405E-A234-3A5A3BFB6C06}"
EndProject
Project("{FAE04EC0-301F-11D3-BF4B-00C04F79EFBC}") = "PrimeService.Tests", "PrimeService.Tests\PrimeService.Tests.csproj", "{692495E2-BA04-4C88-827A-C3DC460298F8}"
EndProject
Global
	GlobalSection(SolutionConfigurationPlatforms) = preSolution
		Debug|Any CPU = Debug|Any CPU
		Release|Any CPU = Release|Any CPU
	EndGlobalSection
	GlobalSection(SolutionProperties) = preSolution
		HideSolutionNode = FALSE
	EndGlobalSection
	GlobalSection(ProjectConfigurationPlatforms) = postSolution
		{69C9791C-578E-405E-A234-3A5A3BFB6C06}.Debug|Any CPU.ActiveCfg = Debug|Any CPU
		{69C9791C-578E-405E-A234-3A5A3BFB6C06}.Debug|Any CPU.Build.0 = Debug|Any CPU
		{69C9791C-578E-405E-A234-3A5A3BFB6C06}.Release|Any CPU.ActiveCfg = Release|Any CPU
		{69C9791C-578E-405E-A234-3A5A3BFB6C06}.Release|Any CPU.Build.0 = Release|Any CPU
		{692495E2-BA04-4C88-827A-C3DC460298F8}.Debug|Any CPU.ActiveCfg = Debug|Any CPU
		{692495E2-BA04-4C88-827A-C3DC460298F8}.Debug|Any CPU.Build.0 = Debug|Any CPU
		{692495E2-BA04-4C88-827A-C3DC460298F8}.Release|Any CPU.ActiveCfg = Release|Any CPU
		{692495E2-BA04-4C88-827A-C3DC460298F8}.Release|Any CPU.Build.0 = Release|Any CPU
	EndGlobalSection
EndGlobal
